
Microsoft Visual Studio Solution File, Format Version 12.00
# Visual Studio Version 16
VisualStudioVersion = 16.0.31424.327
MinimumVisualStudioVersion = 10.0.40219.1
Project("{FAE04EC0-301F-11D3-BF4B-00C04F79EFBC}") = "UserRegistration", "UserRegistration\UserRegistration.csproj", "{985453BA-8697-4600-8629-2BF5E7D85EA5}"
EndProject
Global
	GlobalSection(SolutionConfigurationPlatforms) = preSolution
		Debug|Any CPU = Debug|Any CPU
		Release|Any CPU = Release|Any CPU
	EndGlobalSection
	GlobalSection(ProjectConfigurationPlatforms) = postSolution
		{985453BA-8697-4600-8629-2BF5E7D85EA5}.Debug|Any CPU.ActiveCfg = Debug|Any CPU
		{985453BA-8697-4600-8629-2BF5E7D85EA5}.Debug|Any CPU.Build.0 = Debug|Any CPU
		{985453BA-8697-4600-8629-2BF5E7D85EA5}.Release|Any CPU.ActiveCfg = Release|Any CPU
		{985453BA-8697-4600-8629-2BF5E7D85EA5}.Release|Any CPU.Build.0 = Release|Any CPU
	EndGlobalSection
	GlobalSection(SolutionProperties) = preSolution
		HideSolutionNode = FALSE
	EndGlobalSection
	GlobalSection(ExtensibilityGlobals) = postSolution
		SolutionGuid = {242D60E8-E239-4BC1-9D4F-F972C3E00372}
	EndGlobalSection
EndGlobal
